
Microsoft Visual Studio Solution File, Format Version 12.00
# Visual Studio 15
VisualStudioVersion = 15.0.28307.421
MinimumVisualStudioVersion = 10.0.40219.1
Project("{8BC9CEB8-8B4A-11D0-8D11-00A0C91BC942}") = "Baza", "Baza\Baza.vcxproj", "{FAB92A92-47CB-46E2-9693-7B3088191837}"
EndProject
Global
	GlobalSection(SolutionConfigurationPlatforms) = preSolution
		Debug|x64 = Debug|x64
		Debug|x86 = Debug|x86
		Release|x64 = Release|x64
		Release|x86 = Release|x86
	EndGlobalSection
	GlobalSection(ProjectConfigurationPlatforms) = postSolution
		{FAB92A92-47CB-46E2-9693-7B3088191837}.Debug|x64.ActiveCfg = Debug|x64
		{FAB92A92-47CB-46E2-9693-7B3088191837}.Debug|x64.Build.0 = Debug|x64
		{FAB92A92-47CB-46E2-9693-7B3088191837}.Debug|x86.ActiveCfg = Debug|Win32
		{FAB92A92-47CB-46E2-9693-7B3088191837}.Debug|x86.Build.0 = Debug|Win32
		{FAB92A92-47CB-46E2-9693-7B3088191837}.Release|x64.ActiveCfg = Release|x64
		{FAB92A92-47CB-46E2-9693-7B3088191837}.Release|x64.Build.0 = Release|x64
		{FAB92A92-47CB-46E2-9693-7B3088191837}.Release|x86.ActiveCfg = Release|Win32
		{FAB92A92-47CB-46E2-9693-7B3088191837}.Release|x86.Build.0 = Release|Win32
	EndGlobalSection
	GlobalSection(SolutionProperties) = preSolution
		HideSolutionNode = FALSE
	EndGlobalSection
	GlobalSection(ExtensibilityGlobals) = postSolution
		SolutionGuid = {334A8A71-ACB9-48FD-954F-C99429FA79D3}
	EndGlobalSection
EndGlobal
