
Microsoft Visual Studio Solution File, Format Version 12.00
# Visual Studio 15
VisualStudioVersion = 15.0.28307.421
MinimumVisualStudioVersion = 10.0.40219.1
Project("{8BC9CEB8-8B4A-11D0-8D11-00A0C91BC942}") = "Zadanie_1", "Zadanie_1\Zadanie_1.vcxproj", "{A29299D4-C0D2-49F6-83D0-8EA5A6764622}"
EndProject
Project("{8BC9CEB8-8B4A-11D0-8D11-00A0C91BC942}") = "Zadanie_2", "Zadanie_2\Zadanie_2.vcxproj", "{EEAFDB8E-71C7-4111-A72A-F2F32EF3DD45}"
EndProject
Project("{8BC9CEB8-8B4A-11D0-8D11-00A0C91BC942}") = "Zadanie2_Test", "Zadanie2_Test\Zadanie2_Test.vcxproj", "{A5480A7E-E15D-4FF1-8671-72A36E615071}"
EndProject
Project("{8BC9CEB8-8B4A-11D0-8D11-00A0C91BC942}") = "zadanie_3", "zadanie_3\zadanie_3.vcxproj", "{78A299AB-6535-48B8-9FB1-6D43ADE316F5}"
EndProject
Project("{8BC9CEB8-8B4A-11D0-8D11-00A0C91BC942}") = "Zadanie_4", "Zadanie_4\Zadanie_4.vcxproj", "{210167FF-BA72-4B09-B576-401F4224E971}"
EndProject
Global
	GlobalSection(SolutionConfigurationPlatforms) = preSolution
		Debug|x64 = Debug|x64
		Debug|x86 = Debug|x86
		Release|x64 = Release|x64
		Release|x86 = Release|x86
	EndGlobalSection
	GlobalSection(ProjectConfigurationPlatforms) = postSolution
		{A29299D4-C0D2-49F6-83D0-8EA5A6764622}.Debug|x64.ActiveCfg = Debug|x64
		{A29299D4-C0D2-49F6-83D0-8EA5A6764622}.Debug|x64.Build.0 = Debug|x64
		{A29299D4-C0D2-49F6-83D0-8EA5A6764622}.Debug|x86.ActiveCfg = Debug|Win32
		{A29299D4-C0D2-49F6-83D0-8EA5A6764622}.Debug|x86.Build.0 = Debug|Win32
		{A29299D4-C0D2-49F6-83D0-8EA5A6764622}.Release|x64.ActiveCfg = Release|x64
		{A29299D4-C0D2-49F6-83D0-8EA5A6764622}.Release|x64.Build.0 = Release|x64
		{A29299D4-C0D2-49F6-83D0-8EA5A6764622}.Release|x86.ActiveCfg = Release|Win32
		{A29299D4-C0D2-49F6-83D0-8EA5A6764622}.Release|x86.Build.0 = Release|Win32
		{EEAFDB8E-71C7-4111-A72A-F2F32EF3DD45}.Debug|x64.ActiveCfg = Debug|x64
		{EEAFDB8E-71C7-4111-A72A-F2F32EF3DD45}.Debug|x64.Build.0 = Debug|x64
		{EEAFDB8E-71C7-4111-A72A-F2F32EF3DD45}.Debug|x86.ActiveCfg = Debug|Win32
		{EEAFDB8E-71C7-4111-A72A-F2F32EF3DD45}.Debug|x86.Build.0 = Debug|Win32
		{EEAFDB8E-71C7-4111-A72A-F2F32EF3DD45}.Release|x64.ActiveCfg = Release|x64
		{EEAFDB8E-71C7-4111-A72A-F2F32EF3DD45}.Release|x64.Build.0 = Release|x64
		{EEAFDB8E-71C7-4111-A72A-F2F32EF3DD45}.Release|x86.ActiveCfg = Release|Win32
		{EEAFDB8E-71C7-4111-A72A-F2F32EF3DD45}.Release|x86.Build.0 = Release|Win32
		{A5480A7E-E15D-4FF1-8671-72A36E615071}.Debug|x64.ActiveCfg = Debug|x64
		{A5480A7E-E15D-4FF1-8671-72A36E615071}.Debug|x64.Build.0 = Debug|x64
		{A5480A7E-E15D-4FF1-8671-72A36E615071}.Debug|x86.ActiveCfg = Debug|Win32
		{A5480A7E-E15D-4FF1-8671-72A36E615071}.Debug|x86.Build.0 = Debug|Win32
		{A5480A7E-E15D-4FF1-8671-72A36E615071}.Release|x64.ActiveCfg = Release|x64
		{A5480A7E-E15D-4FF1-8671-72A36E615071}.Release|x64.Build.0 = Release|x64
		{A5480A7E-E15D-4FF1-8671-72A36E615071}.Release|x86.ActiveCfg = Release|Win32
		{A5480A7E-E15D-4FF1-8671-72A36E615071}.Release|x86.Build.0 = Release|Win32
		{78A299AB-6535-48B8-9FB1-6D43ADE316F5}.Debug|x64.ActiveCfg = Debug|x64
		{78A299AB-6535-48B8-9FB1-6D43ADE316F5}.Debug|x64.Build.0 = Debug|x64
		{78A299AB-6535-48B8-9FB1-6D43ADE316F5}.Debug|x86.ActiveCfg = Debug|Win32
		{78A299AB-6535-48B8-9FB1-6D43ADE316F5}.Debug|x86.Build.0 = Debug|Win32
		{78A299AB-6535-48B8-9FB1-6D43ADE316F5}.Release|x64.ActiveCfg = Release|x64
		{78A299AB-6535-48B8-9FB1-6D43ADE316F5}.Release|x64.Build.0 = Release|x64
		{78A299AB-6535-48B8-9FB1-6D43ADE316F5}.Release|x86.ActiveCfg = Release|Win32
		{78A299AB-6535-48B8-9FB1-6D43ADE316F5}.Release|x86.Build.0 = Release|Win32
		{210167FF-BA72-4B09-B576-401F4224E971}.Debug|x64.ActiveCfg = Debug|x64
		{210167FF-BA72-4B09-B576-401F4224E971}.Debug|x64.Build.0 = Debug|x64
		{210167FF-BA72-4B09-B576-401F4224E971}.Debug|x86.ActiveCfg = Debug|Win32
		{210167FF-BA72-4B09-B576-401F4224E971}.Debug|x86.Build.0 = Debug|Win32
		{210167FF-BA72-4B09-B576-401F4224E971}.Release|x64.ActiveCfg = Release|x64
		{210167FF-BA72-4B09-B576-401F4224E971}.Release|x64.Build.0 = Release|x64
		{210167FF-BA72-4B09-B576-401F4224E971}.Release|x86.ActiveCfg = Release|Win32
		{210167FF-BA72-4B09-B576-401F4224E971}.Release|x86.Build.0 = Release|Win32
	EndGlobalSection
	GlobalSection(SolutionProperties) = preSolution
		HideSolutionNode = FALSE
	EndGlobalSection
	GlobalSection(ExtensibilityGlobals) = postSolution
		SolutionGuid = {80D2BDFD-8723-453B-A0D6-BF28FE60982C}
	EndGlobalSection
EndGlobal
